{
  "name": "cute-bot",
  "version": "1.0.0",
  "lockfileVersion": 1,
  "requires": true,
  "dependencies": {
    "@now/node": {
      "version": "1.5.1",
      "resolved": "https://registry.npmjs.org/@now/node/-/node-1.5.1.tgz",
      "integrity": "sha512-2nXhdqo4aNShHuTwbdQmZQX4jYXAoI85+FTPStD5DZVC3kbSS8m5RDxJu7Op7ffBPwIu8Nmp6ukjXct3Abad7g==",
      "requires": {
        "@types/node": "*"
      }
    },
    "@types/node": {
      "version": "13.13.5",
      "resolved": "https://registry.npmjs.org/@types/node/-/node-13.13.5.tgz",
      "integrity": "sha512-3ySmiBYJPqgjiHA7oEaIo2Rzz0HrOZ7yrNO5HWyaE5q0lQ3BppDZ3N53Miz8bw2I7gh1/zir2MGVZBvpb1zq9g=="
    },
    "ts.data.json": {
      "version": "1.1.0",
      "resolved": "https://registry.npmjs.org/ts.data.json/-/ts.data.json-1.1.0.tgz",
      "integrity": "sha512-bdZJ19x6HVq7MTnCmSHDcOxipcVWhM8T86VaxScBd2awV/h1BW27iKL+DoFM4Nt5f9HUdp5V4IUGDHLrttLKyA=="
    },
    "typescript": {
      "version": "3.8.3",
      "resolved": "https://registry.npmjs.org/typescript/-/typescript-3.8.3.tgz",
      "integrity": "sha512-MYlEfn5VrLNsgudQTVJeNaQFUAI7DkhnOjdpAp4T+ku1TfQClewlbSuTVHiA+8skNBgaf02TL/kLOvig4y3G8w==",
      "dev": true
    }
  }
}
